
Microsoft Visual Studio Solution File, Format Version 12.00
# Visual Studio 15
VisualStudioVersion = 15.0.26228.9
MinimumVisualStudioVersion = 10.0.40219.1
Project("{FAE04EC0-301F-11D3-BF4B-00C04F79EFBC}") = "FizzBuzzTDDOneUnitTests", "FizzBuzzTDDOneUnitTests\FizzBuzzTDDOneUnitTests.csproj", "{91150A51-025D-4BF1-8DF4-F63203812047}"
EndProject
Project("{FAE04EC0-301F-11D3-BF4B-00C04F79EFBC}") = "FizzBuzzTDDOne", "FizzBuzzTDDOne\FizzBuzzTDDOne.csproj", "{17A40EA4-5539-4E04-9E4A-DE5F91682A17}"
EndProject
Project("{FAE04EC0-301F-11D3-BF4B-00C04F79EFBC}") = "FizzBuzzChainOfResponsibility", "FizzBuzzChainOfResponsibility\FizzBuzzChainOfResponsibility.csproj", "{C24D05DA-1807-47E9-AEAC-031CA647346B}"
EndProject
Project("{FAE04EC0-301F-11D3-BF4B-00C04F79EFBC}") = "FizzBuzzOneLiner", "FizzBuzzOneLiner\FizzBuzzOneLiner.csproj", "{E34A3D5D-5705-4155-8B57-12201FD03C04}"
EndProject
Project("{FAE04EC0-301F-11D3-BF4B-00C04F79EFBC}") = "FizzBuzzLINQOne", "FizzBuzzLINQOne\FizzBuzzLINQOne.csproj", "{A300D318-6D5E-45E9-9073-12E9FC21CB39}"
EndProject
Project("{FAE04EC0-301F-11D3-BF4B-00C04F79EFBC}") = "Zip-a-Dee-Doo-Dah", "Zip-a-Dee-Doo-Dah\Zip-a-Dee-Doo-Dah.csproj", "{E6185EF1-43E8-4B0D-94A8-56E1B84C58A8}"
EndProject
Project("{FAE04EC0-301F-11D3-BF4B-00C04F79EFBC}") = "Zip-a-Dee-Doo-Dah-Chars", "Zip-a-Dee-Doo-Dah-Chars\Zip-a-Dee-Doo-Dah-Chars.csproj", "{8D1DF28C-97BD-4892-8EE6-BDF7A7B8BFE4}"
EndProject
Project("{FAE04EC0-301F-11D3-BF4B-00C04F79EFBC}") = "FizzBuzzTypes.Tests", "FizzBuzzTypes.Tests\FizzBuzzTypes.Tests.csproj", "{CECED878-8DBB-46E7-94E7-279B36FBACA2}"
EndProject
Project("{FAE04EC0-301F-11D3-BF4B-00C04F79EFBC}") = "FizzBuzzTypes", "FizzBuzzTypes\FizzBuzzTypes.csproj", "{39B1514F-7D75-4127-92B8-A7F269FF8838}"
EndProject
Project("{FAE04EC0-301F-11D3-BF4B-00C04F79EFBC}") = "Zip-a-Dee-Types", "Zip-a-Dee-Types\Zip-a-Dee-Types.csproj", "{160CE4FD-7E2C-4415-A78C-19D2736AC5B6}"
EndProject
Project("{FAE04EC0-301F-11D3-BF4B-00C04F79EFBC}") = "RxConsoleEitherOr", "RxConsoleEitherOr\RxConsoleEitherOr.csproj", "{B21597C9-F02E-470E-8804-A4F13FDED87D}"
EndProject
Global
	GlobalSection(SolutionConfigurationPlatforms) = preSolution
		Debug|Any CPU = Debug|Any CPU
		Release|Any CPU = Release|Any CPU
	EndGlobalSection
	GlobalSection(ProjectConfigurationPlatforms) = postSolution
		{91150A51-025D-4BF1-8DF4-F63203812047}.Debug|Any CPU.ActiveCfg = Debug|Any CPU
		{91150A51-025D-4BF1-8DF4-F63203812047}.Debug|Any CPU.Build.0 = Debug|Any CPU
		{91150A51-025D-4BF1-8DF4-F63203812047}.Release|Any CPU.ActiveCfg = Release|Any CPU
		{91150A51-025D-4BF1-8DF4-F63203812047}.Release|Any CPU.Build.0 = Release|Any CPU
		{17A40EA4-5539-4E04-9E4A-DE5F91682A17}.Debug|Any CPU.ActiveCfg = Debug|Any CPU
		{17A40EA4-5539-4E04-9E4A-DE5F91682A17}.Debug|Any CPU.Build.0 = Debug|Any CPU
		{17A40EA4-5539-4E04-9E4A-DE5F91682A17}.Release|Any CPU.ActiveCfg = Release|Any CPU
		{17A40EA4-5539-4E04-9E4A-DE5F91682A17}.Release|Any CPU.Build.0 = Release|Any CPU
		{C24D05DA-1807-47E9-AEAC-031CA647346B}.Debug|Any CPU.ActiveCfg = Debug|Any CPU
		{C24D05DA-1807-47E9-AEAC-031CA647346B}.Debug|Any CPU.Build.0 = Debug|Any CPU
		{C24D05DA-1807-47E9-AEAC-031CA647346B}.Release|Any CPU.ActiveCfg = Release|Any CPU
		{C24D05DA-1807-47E9-AEAC-031CA647346B}.Release|Any CPU.Build.0 = Release|Any CPU
		{E34A3D5D-5705-4155-8B57-12201FD03C04}.Debug|Any CPU.ActiveCfg = Debug|Any CPU
		{E34A3D5D-5705-4155-8B57-12201FD03C04}.Debug|Any CPU.Build.0 = Debug|Any CPU
		{E34A3D5D-5705-4155-8B57-12201FD03C04}.Release|Any CPU.ActiveCfg = Release|Any CPU
		{E34A3D5D-5705-4155-8B57-12201FD03C04}.Release|Any CPU.Build.0 = Release|Any CPU
		{A300D318-6D5E-45E9-9073-12E9FC21CB39}.Debug|Any CPU.ActiveCfg = Debug|Any CPU
		{A300D318-6D5E-45E9-9073-12E9FC21CB39}.Debug|Any CPU.Build.0 = Debug|Any CPU
		{A300D318-6D5E-45E9-9073-12E9FC21CB39}.Release|Any CPU.ActiveCfg = Release|Any CPU
		{A300D318-6D5E-45E9-9073-12E9FC21CB39}.Release|Any CPU.Build.0 = Release|Any CPU
		{E6185EF1-43E8-4B0D-94A8-56E1B84C58A8}.Debug|Any CPU.ActiveCfg = Debug|Any CPU
		{E6185EF1-43E8-4B0D-94A8-56E1B84C58A8}.Debug|Any CPU.Build.0 = Debug|Any CPU
		{E6185EF1-43E8-4B0D-94A8-56E1B84C58A8}.Release|Any CPU.ActiveCfg = Release|Any CPU
		{E6185EF1-43E8-4B0D-94A8-56E1B84C58A8}.Release|Any CPU.Build.0 = Release|Any CPU
		{8D1DF28C-97BD-4892-8EE6-BDF7A7B8BFE4}.Debug|Any CPU.ActiveCfg = Debug|Any CPU
		{8D1DF28C-97BD-4892-8EE6-BDF7A7B8BFE4}.Debug|Any CPU.Build.0 = Debug|Any CPU
		{8D1DF28C-97BD-4892-8EE6-BDF7A7B8BFE4}.Release|Any CPU.ActiveCfg = Release|Any CPU
		{8D1DF28C-97BD-4892-8EE6-BDF7A7B8BFE4}.Release|Any CPU.Build.0 = Release|Any CPU
		{CECED878-8DBB-46E7-94E7-279B36FBACA2}.Debug|Any CPU.ActiveCfg = Debug|Any CPU
		{CECED878-8DBB-46E7-94E7-279B36FBACA2}.Debug|Any CPU.Build.0 = Debug|Any CPU
		{CECED878-8DBB-46E7-94E7-279B36FBACA2}.Release|Any CPU.ActiveCfg = Release|Any CPU
		{CECED878-8DBB-46E7-94E7-279B36FBACA2}.Release|Any CPU.Build.0 = Release|Any CPU
		{39B1514F-7D75-4127-92B8-A7F269FF8838}.Debug|Any CPU.ActiveCfg = Debug|Any CPU
		{39B1514F-7D75-4127-92B8-A7F269FF8838}.Debug|Any CPU.Build.0 = Debug|Any CPU
		{39B1514F-7D75-4127-92B8-A7F269FF8838}.Release|Any CPU.ActiveCfg = Release|Any CPU
		{39B1514F-7D75-4127-92B8-A7F269FF8838}.Release|Any CPU.Build.0 = Release|Any CPU
		{160CE4FD-7E2C-4415-A78C-19D2736AC5B6}.Debug|Any CPU.ActiveCfg = Debug|Any CPU
		{160CE4FD-7E2C-4415-A78C-19D2736AC5B6}.Debug|Any CPU.Build.0 = Debug|Any CPU
		{160CE4FD-7E2C-4415-A78C-19D2736AC5B6}.Release|Any CPU.ActiveCfg = Release|Any CPU
		{160CE4FD-7E2C-4415-A78C-19D2736AC5B6}.Release|Any CPU.Build.0 = Release|Any CPU
		{B21597C9-F02E-470E-8804-A4F13FDED87D}.Debug|Any CPU.ActiveCfg = Debug|Any CPU
		{B21597C9-F02E-470E-8804-A4F13FDED87D}.Debug|Any CPU.Build.0 = Debug|Any CPU
		{B21597C9-F02E-470E-8804-A4F13FDED87D}.Release|Any CPU.ActiveCfg = Release|Any CPU
		{B21597C9-F02E-470E-8804-A4F13FDED87D}.Release|Any CPU.Build.0 = Release|Any CPU
	EndGlobalSection
	GlobalSection(SolutionProperties) = preSolution
		HideSolutionNode = FALSE
	EndGlobalSection
EndGlobal
